// !$*UTF8*$!
{
	archiveVersion = 1;
	classes = {
	};
	objectVersion = 56;
	objects = {

/* Begin PBXBuildFile section */
		86CCC5862A27E21800906E69 /* SampleStoreApp.swift in Sources */ = {isa = PBXBuildFile; fileRef = 86CCC5852A27E21800906E69 /* SampleStoreApp.swift */; };
		86CCC58A2A27E21A00906E69 /* Assets.xcassets in Resources */ = {isa = PBXBuildFile; fileRef = 86CCC5892A27E21A00906E69 /* Assets.xcassets */; };
		86CCC58D2A27E21A00906E69 /* Preview Assets.xcassets in Resources */ = {isa = PBXBuildFile; fileRef = 86CCC58C2A27E21A00906E69 /* Preview Assets.xcassets */; };
		86CCC59C2A27E26600906E69 /* StoreView.swift in Sources */ = {isa = PBXBuildFile; fileRef = 86CCC5942A27E26600906E69 /* StoreView.swift */; };
		86CCC59D2A27E26600906E69 /* SubscriptionsGrid.swift in Sources */ = {isa = PBXBuildFile; fileRef = 86CCC5962A27E26600906E69 /* SubscriptionsGrid.swift */; };
		86CCC59E2A27E26600906E69 /* AppBuyButton.swift in Sources */ = {isa = PBXBuildFile; fileRef = 86CCC5972A27E26600906E69 /* AppBuyButton.swift */; };
		86CCC59F2A27E26600906E69 /* ProductRow.swift in Sources */ = {isa = PBXBuildFile; fileRef = 86CCC5982A27E26600906E69 /* ProductRow.swift */; };
		86CCC5A02A27E26600906E69 /* ProductRect.swift in Sources */ = {isa = PBXBuildFile; fileRef = 86CCC5992A27E26600906E69 /* ProductRect.swift */; };
		86CCC5A12A27E26600906E69 /* ProductGrid.swift in Sources */ = {isa = PBXBuildFile; fileRef = 86CCC59A2A27E26600906E69 /* ProductGrid.swift */; };
		86CCC5A22A27E26600906E69 /* StoreViewModel.swift in Sources */ = {isa = PBXBuildFile; fileRef = 86CCC59B2A27E26600906E69 /* StoreViewModel.swift */; };
		86CCC5A42A27E28B00906E69 /* StoreService.swift in Sources */ = {isa = PBXBuildFile; fileRef = 86CCC5A32A27E28A00906E69 /* StoreService.swift */; };
		86CCC5A62A27E2B400906E69 /* Products.storekit in Resources */ = {isa = PBXBuildFile; fileRef = 86CCC5A52A27E2B300906E69 /* Products.storekit */; };
		86CCC5A82A27E2E300906E69 /* Strings.swift in Sources */ = {isa = PBXBuildFile; fileRef = 86CCC5A72A27E2E300906E69 /* Strings.swift */; };
		86CCC5AB2A27E30F00906E69 /* AppBackgroundView.swift in Sources */ = {isa = PBXBuildFile; fileRef = 86CCC5A92A27E30F00906E69 /* AppBackgroundView.swift */; };
		86CCC5AC2A27E30F00906E69 /* AppImageView.swift in Sources */ = {isa = PBXBuildFile; fileRef = 86CCC5AA2A27E30F00906E69 /* AppImageView.swift */; };
		86CCC5AE2A27E38A00906E69 /* Icons.swift in Sources */ = {isa = PBXBuildFile; fileRef = 86CCC5AD2A27E38900906E69 /* Icons.swift */; };
		86CCC5B12A27E3AE00906E69 /* Image.swift in Sources */ = {isa = PBXBuildFile; fileRef = 86CCC5AF2A27E3AE00906E69 /* Image.swift */; };
		86CCC5B22A27E3AE00906E69 /* View.swift in Sources */ = {isa = PBXBuildFile; fileRef = 86CCC5B02A27E3AE00906E69 /* View.swift */; };
		86CCC5B52A27E47C00906E69 /* WaveView.swift in Sources */ = {isa = PBXBuildFile; fileRef = 86CCC5B32A27E47B00906E69 /* WaveView.swift */; };
		86CCC5B62A27E47C00906E69 /* Wave.swift in Sources */ = {isa = PBXBuildFile; fileRef = 86CCC5B42A27E47C00906E69 /* Wave.swift */; };
		86CCC5B82A27E4BF00906E69 /* Color.swift in Sources */ = {isa = PBXBuildFile; fileRef = 86CCC5B72A27E4BF00906E69 /* Color.swift */; };
		86CCC79B2A27E66E00906E69 /* RoundedCorner.swift in Sources */ = {isa = PBXBuildFile; fileRef = 86CCC79A2A27E66E00906E69 /* RoundedCorner.swift */; };
		86CCC79D2A27E69E00906E69 /* customBackButton.swift in Sources */ = {isa = PBXBuildFile; fileRef = 86CCC79C2A27E69E00906E69 /* customBackButton.swift */; };
		86CCC79F2A27E6B900906E69 /* Blur.swift in Sources */ = {isa = PBXBuildFile; fileRef = 86CCC79E2A27E6B900906E69 /* Blur.swift */; };
/* End PBXBuildFile section */

/* Begin PBXFileReference section */
		86CCC5822A27E21800906E69 /* SampleStore.app */ = {isa = PBXFileReference; explicitFileType = wrapper.application; includeInIndex = 0; path = SampleStore.app; sourceTree = BUILT_PRODUCTS_DIR; };
		86CCC5852A27E21800906E69 /* SampleStoreApp.swift */ = {isa = PBXFileReference; lastKnownFileType = sourcecode.swift; path = SampleStoreApp.swift; sourceTree = "<group>"; };
		86CCC5892A27E21A00906E69 /* Assets.xcassets */ = {isa = PBXFileReference; lastKnownFileType = folder.assetcatalog; path = Assets.xcassets; sourceTree = "<group>"; };
		86CCC58C2A27E21A00906E69 /* Preview Assets.xcassets */ = {isa = PBXFileReference; lastKnownFileType = folder.assetcatalog; path = "Preview Assets.xcassets"; sourceTree = "<group>"; };
		86CCC5942A27E26600906E69 /* StoreView.swift */ = {isa = PBXFileReference; fileEncoding = 4; lastKnownFileType = sourcecode.swift; path = StoreView.swift; sourceTree = "<group>"; };
		86CCC5962A27E26600906E69 /* SubscriptionsGrid.swift */ = {isa = PBXFileReference; fileEncoding = 4; lastKnownFileType = sourcecode.swift; path = SubscriptionsGrid.swift; sourceTree = "<group>"; };
		86CCC5972A27E26600906E69 /* AppBuyButton.swift */ = {isa = PBXFileReference; fileEncoding = 4; lastKnownFileType = sourcecode.swift; path = AppBuyButton.swift; sourceTree = "<group>"; };
		86CCC5982A27E26600906E69 /* ProductRow.swift */ = {isa = PBXFileReference; fileEncoding = 4; lastKnownFileType = sourcecode.swift; path = ProductRow.swift; sourceTree = "<group>"; };
		86CCC5992A27E26600906E69 /* ProductRect.swift */ = {isa = PBXFileReference; fileEncoding = 4; lastKnownFileType = sourcecode.swift; path = ProductRect.swift; sourceTree = "<group>"; };
		86CCC59A2A27E26600906E69 /* ProductGrid.swift */ = {isa = PBXFileReference; fileEncoding = 4; lastKnownFileType = sourcecode.swift; path = ProductGrid.swift; sourceTree = "<group>"; };
		86CCC59B2A27E26600906E69 /* StoreViewModel.swift */ = {isa = PBXFileReference; fileEncoding = 4; lastKnownFileType = sourcecode.swift; path = StoreViewModel.swift; sourceTree = "<group>"; };
		86CCC5A32A27E28A00906E69 /* StoreService.swift */ = {isa = PBXFileReference; fileEncoding = 4; lastKnownFileType = sourcecode.swift; path = StoreService.swift; sourceTree = "<group>"; };
		86CCC5A52A27E2B300906E69 /* Products.storekit */ = {isa = PBXFileReference; fileEncoding = 4; lastKnownFileType = text; path = Products.storekit; sourceTree = "<group>"; };
		86CCC5A72A27E2E300906E69 /* Strings.swift */ = {isa = PBXFileReference; fileEncoding = 4; lastKnownFileType = sourcecode.swift; path = Strings.swift; sourceTree = "<group>"; };
		86CCC5A92A27E30F00906E69 /* AppBackgroundView.swift */ = {isa = PBXFileReference; fileEncoding = 4; lastKnownFileType = sourcecode.swift; path = AppBackgroundView.swift; sourceTree = "<group>"; };
		86CCC5AA2A27E30F00906E69 /* AppImageView.swift */ = {isa = PBXFileReference; fileEncoding = 4; lastKnownFileType = sourcecode.swift; path = AppImageView.swift; sourceTree = "<group>"; };
		86CCC5AD2A27E38900906E69 /* Icons.swift */ = {isa = PBXFileReference; fileEncoding = 4; lastKnownFileType = sourcecode.swift; path = Icons.swift; sourceTree = "<group>"; };
		86CCC5AF2A27E3AE00906E69 /* Image.swift */ = {isa = PBXFileReference; fileEncoding = 4; lastKnownFileType = sourcecode.swift; path = Image.swift; sourceTree = "<group>"; };
		86CCC5B02A27E3AE00906E69 /* View.swift */ = {isa = PBXFileReference; fileEncoding = 4; lastKnownFileType = sourcecode.swift; path = View.swift; sourceTree = "<group>"; };
		86CCC5B32A27E47B00906E69 /* WaveView.swift */ = {isa = PBXFileReference; fileEncoding = 4; lastKnownFileType = sourcecode.swift; path = WaveView.swift; sourceTree = "<group>"; };
		86CCC5B42A27E47C00906E69 /* Wave.swift */ = {isa = PBXFileReference; fileEncoding = 4; lastKnownFileType = sourcecode.swift; path = Wave.swift; sourceTree = "<group>"; };
		86CCC5B72A27E4BF00906E69 /* Color.swift */ = {isa = PBXFileReference; fileEncoding = 4; lastKnownFileType = sourcecode.swift; path = Color.swift; sourceTree = "<group>"; };
		86CCC79A2A27E66E00906E69 /* RoundedCorner.swift */ = {isa = PBXFileReference; fileEncoding = 4; lastKnownFileType = sourcecode.swift; path = RoundedCorner.swift; sourceTree = "<group>"; };
		86CCC79C2A27E69E00906E69 /* customBackButton.swift */ = {isa = PBXFileReference; fileEncoding = 4; lastKnownFileType = sourcecode.swift; path = customBackButton.swift; sourceTree = "<group>"; };
		86CCC79E2A27E6B900906E69 /* Blur.swift */ = {isa = PBXFileReference; fileEncoding = 4; lastKnownFileType = sourcecode.swift; path = Blur.swift; sourceTree = "<group>"; };
/* End PBXFileReference section */

/* Begin PBXFrameworksBuildPhase section */
		86CCC57F2A27E21800906E69 /* Frameworks */ = {
			isa = PBXFrameworksBuildPhase;
			buildActionMask = 2147483647;
			files = (
			);
			runOnlyForDeploymentPostprocessing = 0;
		};
/* End PBXFrameworksBuildPhase section */

/* Begin PBXGroup section */
		86CCC5792A27E21800906E69 = {
			isa = PBXGroup;
			children = (
				86CCC5842A27E21800906E69 /* SampleStore */,
				86CCC5832A27E21800906E69 /* Products */,
			);
			sourceTree = "<group>";
		};
		86CCC5832A27E21800906E69 /* Products */ = {
			isa = PBXGroup;
			children = (
				86CCC5822A27E21800906E69 /* SampleStore.app */,
			);
			name = Products;
			sourceTree = "<group>";
		};
		86CCC5842A27E21800906E69 /* SampleStore */ = {
			isa = PBXGroup;
			children = (
				86CCC7A02A27E6FD00906E69 /* UtilityViews */,
				86CCC7A12A27E71F00906E69 /* Extensions */,
				86CCC7A32A27E98400906E69 /* Resources */,
				86CCC7A22A27E73600906E69 /* Service */,
				86CCC5932A27E26600906E69 /* Store */,
				86CCC5852A27E21800906E69 /* SampleStoreApp.swift */,
				86CCC5892A27E21A00906E69 /* Assets.xcassets */,
				86CCC58B2A27E21A00906E69 /* Preview Content */,
			);
			path = SampleStore;
			sourceTree = "<group>";
		};
		86CCC58B2A27E21A00906E69 /* Preview Content */ = {
			isa = PBXGroup;
			children = (
				86CCC58C2A27E21A00906E69 /* Preview Assets.xcassets */,
			);
			path = "Preview Content";
			sourceTree = "<group>";
		};
		86CCC5932A27E26600906E69 /* Store */ = {
			isa = PBXGroup;
			children = (
				86CCC5952A27E26600906E69 /* Subviews */,
				86CCC5942A27E26600906E69 /* StoreView.swift */,
				86CCC59B2A27E26600906E69 /* StoreViewModel.swift */,
			);
			path = Store;
			sourceTree = "<group>";
		};
		86CCC5952A27E26600906E69 /* Subviews */ = {
			isa = PBXGroup;
			children = (
				86CCC5962A27E26600906E69 /* SubscriptionsGrid.swift */,
				86CCC5972A27E26600906E69 /* AppBuyButton.swift */,
				86CCC5982A27E26600906E69 /* ProductRow.swift */,
				86CCC5992A27E26600906E69 /* ProductRect.swift */,
				86CCC59A2A27E26600906E69 /* ProductGrid.swift */,
			);
			path = Subviews;
			sourceTree = "<group>";
		};
		86CCC7A02A27E6FD00906E69 /* UtilityViews */ = {
			isa = PBXGroup;
			children = (
				86CCC79E2A27E6B900906E69 /* Blur.swift */,
				86CCC5A92A27E30F00906E69 /* AppBackgroundView.swift */,
				86CCC5AA2A27E30F00906E69 /* AppImageView.swift */,
				86CCC5B42A27E47C00906E69 /* Wave.swift */,
				86CCC5B32A27E47B00906E69 /* WaveView.swift */,
				86CCC79C2A27E69E00906E69 /* customBackButton.swift */,
				86CCC79A2A27E66E00906E69 /* RoundedCorner.swift */,
			);
			path = UtilityViews;
			sourceTree = "<group>";
		};
		86CCC7A12A27E71F00906E69 /* Extensions */ = {
			isa = PBXGroup;
			children = (
				86CCC5B72A27E4BF00906E69 /* Color.swift */,
				86CCC5AF2A27E3AE00906E69 /* Image.swift */,
				86CCC5B02A27E3AE00906E69 /* View.swift */,
			);
			path = Extensions;
			sourceTree = "<group>";
		};
		86CCC7A22A27E73600906E69 /* Service */ = {
			isa = PBXGroup;
			children = (
				86CCC5A52A27E2B300906E69 /* Products.storekit */,
				86CCC5A32A27E28A00906E69 /* StoreService.swift */,
			);
			path = Service;
			sourceTree = "<group>";
		};
		86CCC7A32A27E98400906E69 /* Resources */ = {
			isa = PBXGroup;
			children = (
				86CCC5AD2A27E38900906E69 /* Icons.swift */,
				86CCC5A72A27E2E300906E69 /* Strings.swift */,
			);
			path = Resources;
			sourceTree = "<group>";
		};
/* End PBXGroup section */

/* Begin PBXNativeTarget section */
		86CCC5812A27E21800906E69 /* SampleStore */ = {
			isa = PBXNativeTarget;
			buildConfigurationList = 86CCC5902A27E21A00906E69 /* Build configuration list for PBXNativeTarget "SampleStore" */;
			buildPhases = (
				86CCC57E2A27E21800906E69 /* Sources */,
				86CCC57F2A27E21800906E69 /* Frameworks */,
				86CCC5802A27E21800906E69 /* Resources */,
			);
			buildRules = (
			);
			dependencies = (
			);
			name = SampleStore;
			productName = SampleStore;
			productReference = 86CCC5822A27E21800906E69 /* SampleStore.app */;
			productType = "com.apple.product-type.application";
		};
/* End PBXNativeTarget section */

/* Begin PBXProject section */
		86CCC57A2A27E21800906E69 /* Project object */ = {
			isa = PBXProject;
			attributes = {
				BuildIndependentTargetsInParallel = 1;
				LastSwiftUpdateCheck = 1430;
				LastUpgradeCheck = 1430;
				TargetAttributes = {
					86CCC5812A27E21800906E69 = {
						CreatedOnToolsVersion = 14.3;
					};
				};
			};
			buildConfigurationList = 86CCC57D2A27E21800906E69 /* Build configuration list for PBXProject "SampleStore" */;
			compatibilityVersion = "Xcode 14.0";
			developmentRegion = en;
			hasScannedForEncodings = 0;
			knownRegions = (
				en,
				Base,
			);
			mainGroup = 86CCC5792A27E21800906E69;
			productRefGroup = 86CCC5832A27E21800906E69 /* Products */;
			projectDirPath = "";
			projectRoot = "";
			targets = (
				86CCC5812A27E21800906E69 /* SampleStore */,
			);
		};
/* End PBXProject section */

/* Begin PBXResourcesBuildPhase section */
		86CCC5802A27E21800906E69 /* Resources */ = {
			isa = PBXResourcesBuildPhase;
			buildActionMask = 2147483647;
			files = (
				86CCC58D2A27E21A00906E69 /* Preview Assets.xcassets in Resources */,
				86CCC5A62A27E2B400906E69 /* Products.storekit in Resources */,
				86CCC58A2A27E21A00906E69 /* Assets.xcassets in Resources */,
			);
			runOnlyForDeploymentPostprocessing = 0;
		};
/* End PBXResourcesBuildPhase section */

/* Begin PBXSourcesBuildPhase section */
		86CCC57E2A27E21800906E69 /* Sources */ = {
			isa = PBXSourcesBuildPhase;
			buildActionMask = 2147483647;
			files = (
				86CCC79F2A27E6B900906E69 /* Blur.swift in Sources */,
				86CCC5B22A27E3AE00906E69 /* View.swift in Sources */,
				86CCC5AE2A27E38A00906E69 /* Icons.swift in Sources */,
				86CCC59D2A27E26600906E69 /* SubscriptionsGrid.swift in Sources */,
				86CCC5A82A27E2E300906E69 /* Strings.swift in Sources */,
				86CCC5A22A27E26600906E69 /* StoreViewModel.swift in Sources */,
				86CCC5B12A27E3AE00906E69 /* Image.swift in Sources */,
				86CCC5B52A27E47C00906E69 /* WaveView.swift in Sources */,
				86CCC59F2A27E26600906E69 /* ProductRow.swift in Sources */,
				86CCC5A12A27E26600906E69 /* ProductGrid.swift in Sources */,
				86CCC5AC2A27E30F00906E69 /* AppImageView.swift in Sources */,
				86CCC5B82A27E4BF00906E69 /* Color.swift in Sources */,
				86CCC79B2A27E66E00906E69 /* RoundedCorner.swift in Sources */,
				86CCC59C2A27E26600906E69 /* StoreView.swift in Sources */,
				86CCC5B62A27E47C00906E69 /* Wave.swift in Sources */,
				86CCC79D2A27E69E00906E69 /* customBackButton.swift in Sources */,
				86CCC59E2A27E26600906E69 /* AppBuyButton.swift in Sources */,
				86CCC5862A27E21800906E69 /* SampleStoreApp.swift in Sources */,
				86CCC5A02A27E26600906E69 /* ProductRect.swift in Sources */,
				86CCC5AB2A27E30F00906E69 /* AppBackgroundView.swift in Sources */,
				86CCC5A42A27E28B00906E69 /* StoreService.swift in Sources */,
			);
			runOnlyForDeploymentPostprocessing = 0;
		};
/* End PBXSourcesBuildPhase section */

/* Begin XCBuildConfiguration section */
		86CCC58E2A27E21A00906E69 /* Debug */ = {
			isa = XCBuildConfiguration;
			buildSettings = {
				ALWAYS_SEARCH_USER_PATHS = NO;
				CLANG_ANALYZER_NONNULL = YES;
				CLANG_ANALYZER_NUMBER_OBJECT_CONVERSION = YES_AGGRESSIVE;
				CLANG_CXX_LANGUAGE_STANDARD = "gnu++20";
				CLANG_ENABLE_MODULES = YES;
				CLANG_ENABLE_OBJC_ARC = YES;
				CLANG_ENABLE_OBJC_WEAK = YES;
				CLANG_WARN_BLOCK_CAPTURE_AUTORELEASING = YES;
				CLANG_WARN_BOOL_CONVERSION = YES;
				CLANG_WARN_COMMA = YES;
				CLANG_WARN_CONSTANT_CONVERSION = YES;
				CLANG_WARN_DEPRECATED_OBJC_IMPLEMENTATIONS = YES;
				CLANG_WARN_DIRECT_OBJC_ISA_USAGE = YES_ERROR;
				CLANG_WARN_DOCUMENTATION_COMMENTS = YES;
				CLANG_WARN_EMPTY_BODY = YES;
				CLANG_WARN_ENUM_CONVERSION = YES;
				CLANG_WARN_INFINITE_RECURSION = YES;
				CLANG_WARN_INT_CONVERSION = YES;
				CLANG_WARN_NON_LITERAL_NULL_CONVERSION = YES;
				CLANG_WARN_OBJC_IMPLICIT_RETAIN_SELF = YES;
				CLANG_WARN_OBJC_LITERAL_CONVERSION = YES;
				CLANG_WARN_OBJC_ROOT_CLASS = YES_ERROR;
				CLANG_WARN_QUOTED_INCLUDE_IN_FRAMEWORK_HEADER = YES;
				CLANG_WARN_RANGE_LOOP_ANALYSIS = YES;
				CLANG_WARN_STRICT_PROTOTYPES = YES;
				CLANG_WARN_SUSPICIOUS_MOVE = YES;
				CLANG_WARN_UNGUARDED_AVAILABILITY = YES_AGGRESSIVE;
				CLANG_WARN_UNREACHABLE_CODE = YES;
				CLANG_WARN__DUPLICATE_METHOD_MATCH = YES;
				COPY_PHASE_STRIP = NO;
				DEBUG_INFORMATION_FORMAT = dwarf;
				ENABLE_STRICT_OBJC_MSGSEND = YES;
				ENABLE_TESTABILITY = YES;
				GCC_C_LANGUAGE_STANDARD = gnu11;
				GCC_DYNAMIC_NO_PIC = NO;
				GCC_NO_COMMON_BLOCKS = YES;
				GCC_OPTIMIZATION_LEVEL = 0;
				GCC_PREPROCESSOR_DEFINITIONS = (
					"DEBUG=1",
					"$(inherited)",
				);
				GCC_WARN_64_TO_32_BIT_CONVERSION = YES;
				GCC_WARN_ABOUT_RETURN_TYPE = YES_ERROR;
				GCC_WARN_UNDECLARED_SELECTOR = YES;
				GCC_WARN_UNINITIALIZED_AUTOS = YES_AGGRESSIVE;
				GCC_WARN_UNUSED_FUNCTION = YES;
				GCC_WARN_UNUSED_VARIABLE = YES;
				IPHONEOS_DEPLOYMENT_TARGET = 16.4;
				MTL_ENABLE_DEBUG_INFO = INCLUDE_SOURCE;
				MTL_FAST_MATH = YES;
				ONLY_ACTIVE_ARCH = YES;
				SDKROOT = iphoneos;
				SWIFT_ACTIVE_COMPILATION_CONDITIONS = DEBUG;
				SWIFT_OPTIMIZATION_LEVEL = "-Onone";
			};
			name = Debug;
		};
		86CCC58F2A27E21A00906E69 /* Release */ = {
			isa = XCBuildConfiguration;
			buildSettings = {
				ALWAYS_SEARCH_USER_PATHS = NO;
				CLANG_ANALYZER_NONNULL = YES;
				CLANG_ANALYZER_NUMBER_OBJECT_CONVERSION = YES_AGGRESSIVE;
				CLANG_CXX_LANGUAGE_STANDARD = "gnu++20";
				CLANG_ENABLE_MODULES = YES;
				CLANG_ENABLE_OBJC_ARC = YES;
				CLANG_ENABLE_OBJC_WEAK = YES;
				CLANG_WARN_BLOCK_CAPTURE_AUTORELEASING = YES;
				CLANG_WARN_BOOL_CONVERSION = YES;
				CLANG_WARN_COMMA = YES;
				CLANG_WARN_CONSTANT_CONVERSION = YES;
				CLANG_WARN_DEPRECATED_OBJC_IMPLEMENTATIONS = YES;
				CLANG_WARN_DIRECT_OBJC_ISA_USAGE = YES_ERROR;
				CLANG_WARN_DOCUMENTATION_COMMENTS = YES;
				CLANG_WARN_EMPTY_BODY = YES;
				CLANG_WARN_ENUM_CONVERSION = YES;
				CLANG_WARN_INFINITE_RECURSION = YES;
				CLANG_WARN_INT_CONVERSION = YES;
				CLANG_WARN_NON_LITERAL_NULL_CONVERSION = YES;
				CLANG_WARN_OBJC_IMPLICIT_RETAIN_SELF = YES;
				CLANG_WARN_OBJC_LITERAL_CONVERSION = YES;
				CLANG_WARN_OBJC_ROOT_CLASS = YES_ERROR;
				CLANG_WARN_QUOTED_INCLUDE_IN_FRAMEWORK_HEADER = YES;
				CLANG_WARN_RANGE_LOOP_ANALYSIS = YES;
				CLANG_WARN_STRICT_PROTOTYPES = YES;
				CLANG_WARN_SUSPICIOUS_MOVE = YES;
				CLANG_WARN_UNGUARDED_AVAILABILITY = YES_AGGRESSIVE;
				CLANG_WARN_UNREACHABLE_CODE = YES;
				CLANG_WARN__DUPLICATE_METHOD_MATCH = YES;
				COPY_PHASE_STRIP = NO;
				DEBUG_INFORMATION_FORMAT = "dwarf-with-dsym";
				ENABLE_NS_ASSERTIONS = NO;
				ENABLE_STRICT_OBJC_MSGSEND = YES;
				GCC_C_LANGUAGE_STANDARD = gnu11;
				GCC_NO_COMMON_BLOCKS = YES;
				GCC_WARN_64_TO_32_BIT_CONVERSION = YES;
				GCC_WARN_ABOUT_RETURN_TYPE = YES_ERROR;
				GCC_WARN_UNDECLARED_SELECTOR = YES;
				GCC_WARN_UNINITIALIZED_AUTOS = YES_AGGRESSIVE;
				GCC_WARN_UNUSED_FUNCTION = YES;
				GCC_WARN_UNUSED_VARIABLE = YES;
				IPHONEOS_DEPLOYMENT_TARGET = 16.4;
				MTL_ENABLE_DEBUG_INFO = NO;
				MTL_FAST_MATH = YES;
				SDKROOT = iphoneos;
				SWIFT_COMPILATION_MODE = wholemodule;
				SWIFT_OPTIMIZATION_LEVEL = "-O";
				VALIDATE_PRODUCT = YES;
			};
			name = Release;
		};
		86CCC5912A27E21A00906E69 /* Debug */ = {
			isa = XCBuildConfiguration;
			buildSettings = {
				ASSETCATALOG_COMPILER_APPICON_NAME = AppIcon;
				ASSETCATALOG_COMPILER_GLOBAL_ACCENT_COLOR_NAME = AccentColor;
				CODE_SIGN_STYLE = Automatic;
				CURRENT_PROJECT_VERSION = 1;
				DEVELOPMENT_ASSET_PATHS = "\"SampleStore/Preview Content\"";
				DEVELOPMENT_TEAM = 4WQFD456R9;
				ENABLE_PREVIEWS = YES;
				GENERATE_INFOPLIST_FILE = YES;
				INFOPLIST_KEY_UIApplicationSceneManifest_Generation = YES;
				INFOPLIST_KEY_UIApplicationSupportsIndirectInputEvents = YES;
				INFOPLIST_KEY_UILaunchScreen_Generation = YES;
				INFOPLIST_KEY_UISupportedInterfaceOrientations_iPad = "UIInterfaceOrientationPortrait UIInterfaceOrientationPortraitUpsideDown UIInterfaceOrientationLandscapeLeft UIInterfaceOrientationLandscapeRight";
				INFOPLIST_KEY_UISupportedInterfaceOrientations_iPhone = "UIInterfaceOrientationPortrait UIInterfaceOrientationLandscapeLeft UIInterfaceOrientationLandscapeRight";
				LD_RUNPATH_SEARCH_PATHS = (
					"$(inherited)",
					"@executable_path/Frameworks",
				);
				MARKETING_VERSION = 1.0;
				PRODUCT_BUNDLE_IDENTIFIER = ru.iliaByHimself.SampleStore;
				PRODUCT_NAME = "$(TARGET_NAME)";
				SWIFT_EMIT_LOC_STRINGS = YES;
				SWIFT_VERSION = 5.0;
				TARGETED_DEVICE_FAMILY = "1,2";
			};
			name = Debug;
		};
		86CCC5922A27E21A00906E69 /* Release */ = {
			isa = XCBuildConfiguration;
			buildSettings = {
				ASSETCATALOG_COMPILER_APPICON_NAME = AppIcon;
				ASSETCATALOG_COMPILER_GLOBAL_ACCENT_COLOR_NAME = AccentColor;
				CODE_SIGN_STYLE = Automatic;
				CURRENT_PROJECT_VERSION = 1;
				DEVELOPMENT_ASSET_PATHS = "\"SampleStore/Preview Content\"";
				DEVELOPMENT_TEAM = 4WQFD456R9;
				ENABLE_PREVIEWS = YES;
				GENERATE_INFOPLIST_FILE = YES;
				INFOPLIST_KEY_UIApplicationSceneManifest_Generation = YES;
				INFOPLIST_KEY_UIApplicationSupportsIndirectInputEvents = YES;
				INFOPLIST_KEY_UILaunchScreen_Generation = YES;
				INFOPLIST_KEY_UISupportedInterfaceOrientations_iPad = "UIInterfaceOrientationPortrait UIInterfaceOrientationPortraitUpsideDown UIInterfaceOrientationLandscapeLeft UIInterfaceOrientationLandscapeRight";
				INFOPLIST_KEY_UISupportedInterfaceOrientations_iPhone = "UIInterfaceOrientationPortrait UIInterfaceOrientationLandscapeLeft UIInterfaceOrientationLandscapeRight";
				LD_RUNPATH_SEARCH_PATHS = (
					"$(inherited)",
					"@executable_path/Frameworks",
				);
				MARKETING_VERSION = 1.0;
				PRODUCT_BUNDLE_IDENTIFIER = ru.iliaByHimself.SampleStore;
				PRODUCT_NAME = "$(TARGET_NAME)";
				SWIFT_EMIT_LOC_STRINGS = YES;
				SWIFT_VERSION = 5.0;
				TARGETED_DEVICE_FAMILY = "1,2";
			};
			name = Release;
		};
/* End XCBuildConfiguration section */

/* Begin XCConfigurationList section */
		86CCC57D2A27E21800906E69 /* Build configuration list for PBXProject "SampleStore" */ = {
			isa = XCConfigurationList;
			buildConfigurations = (
				86CCC58E2A27E21A00906E69 /* Debug */,
				86CCC58F2A27E21A00906E69 /* Release */,
			);
			defaultConfigurationIsVisible = 0;
			defaultConfigurationName = Release;
		};
		86CCC5902A27E21A00906E69 /* Build configuration list for PBXNativeTarget "SampleStore" */ = {
			isa = XCConfigurationList;
			buildConfigurations = (
				86CCC5912A27E21A00906E69 /* Debug */,
				86CCC5922A27E21A00906E69 /* Release */,
			);
			defaultConfigurationIsVisible = 0;
			defaultConfigurationName = Release;
		};
/* End XCConfigurationList section */
	};
	rootObject = 86CCC57A2A27E21800906E69 /* Project object */;
}
